
Microsoft Visual Studio Solution File, Format Version 12.00
# Visual Studio Version 16
VisualStudioVersion = 16.0.29503.13
MinimumVisualStudioVersion = 10.0.40219.1
Project("{2150E333-8FDC-42A3-9474-1A3956D46DE8}") = "1 - Presentación", "1 - Presentación", "{2AA0D032-4DCA-4451-8335-683F5AE8E7CE}"
EndProject
Project("{2150E333-8FDC-42A3-9474-1A3956D46DE8}") = "2 - Dominio", "2 - Dominio", "{7C5625D7-E98F-472A-8090-BB4ADB2CA6C3}"
EndProject
Project("{2150E333-8FDC-42A3-9474-1A3956D46DE8}") = "3 - Aplicacion", "3 - Aplicacion", "{ABD8D94E-C99C-403B-877E-D35B13AB0724}"
EndProject
Project("{2150E333-8FDC-42A3-9474-1A3956D46DE8}") = "4 - Persistencia", "4 - Persistencia", "{62FF2BB2-3CF4-4FEC-B0C0-0BCD11E85A2B}"
EndProject
Project("{FAE04EC0-301F-11D3-BF4B-00C04F79EFBC}") = "EV.Market", "EV.Market\EV.Market.csproj", "{8049E487-1483-484C-93BE-0F65718D973D}"
EndProject
Project("{FAE04EC0-301F-11D3-BF4B-00C04F79EFBC}") = "EV.Dominio", "EV.Dominio\EV.Dominio.csproj", "{EA4D30B7-D80E-46EE-8D4D-5BF49A3D8ED2}"
EndProject
Project("{FAE04EC0-301F-11D3-BF4B-00C04F79EFBC}") = "EV.Aplicacion", "EV.Aplicacion\EV.Aplicacion.csproj", "{2CA589A0-26CA-4C94-AFD5-0229807EE954}"
EndProject
Project("{FAE04EC0-301F-11D3-BF4B-00C04F79EFBC}") = "EV.Persistencia", "EV.Persistencia\EV.Persistencia.csproj", "{B7F39D3E-5DDD-4DEA-8983-CF7801F4BCC4}"
EndProject
Global
	GlobalSection(SolutionConfigurationPlatforms) = preSolution
		Debug|Any CPU = Debug|Any CPU
		Release|Any CPU = Release|Any CPU
	EndGlobalSection
	GlobalSection(ProjectConfigurationPlatforms) = postSolution
		{8049E487-1483-484C-93BE-0F65718D973D}.Debug|Any CPU.ActiveCfg = Debug|Any CPU
		{8049E487-1483-484C-93BE-0F65718D973D}.Debug|Any CPU.Build.0 = Debug|Any CPU
		{8049E487-1483-484C-93BE-0F65718D973D}.Release|Any CPU.ActiveCfg = Release|Any CPU
		{8049E487-1483-484C-93BE-0F65718D973D}.Release|Any CPU.Build.0 = Release|Any CPU
		{EA4D30B7-D80E-46EE-8D4D-5BF49A3D8ED2}.Debug|Any CPU.ActiveCfg = Debug|Any CPU
		{EA4D30B7-D80E-46EE-8D4D-5BF49A3D8ED2}.Debug|Any CPU.Build.0 = Debug|Any CPU
		{EA4D30B7-D80E-46EE-8D4D-5BF49A3D8ED2}.Release|Any CPU.ActiveCfg = Release|Any CPU
		{EA4D30B7-D80E-46EE-8D4D-5BF49A3D8ED2}.Release|Any CPU.Build.0 = Release|Any CPU
		{2CA589A0-26CA-4C94-AFD5-0229807EE954}.Debug|Any CPU.ActiveCfg = Debug|Any CPU
		{2CA589A0-26CA-4C94-AFD5-0229807EE954}.Debug|Any CPU.Build.0 = Debug|Any CPU
		{2CA589A0-26CA-4C94-AFD5-0229807EE954}.Release|Any CPU.ActiveCfg = Release|Any CPU
		{2CA589A0-26CA-4C94-AFD5-0229807EE954}.Release|Any CPU.Build.0 = Release|Any CPU
		{B7F39D3E-5DDD-4DEA-8983-CF7801F4BCC4}.Debug|Any CPU.ActiveCfg = Debug|Any CPU
		{B7F39D3E-5DDD-4DEA-8983-CF7801F4BCC4}.Debug|Any CPU.Build.0 = Debug|Any CPU
		{B7F39D3E-5DDD-4DEA-8983-CF7801F4BCC4}.Release|Any CPU.ActiveCfg = Release|Any CPU
		{B7F39D3E-5DDD-4DEA-8983-CF7801F4BCC4}.Release|Any CPU.Build.0 = Release|Any CPU
	EndGlobalSection
	GlobalSection(SolutionProperties) = preSolution
		HideSolutionNode = FALSE
	EndGlobalSection
	GlobalSection(NestedProjects) = preSolution
		{8049E487-1483-484C-93BE-0F65718D973D} = {2AA0D032-4DCA-4451-8335-683F5AE8E7CE}
		{EA4D30B7-D80E-46EE-8D4D-5BF49A3D8ED2} = {7C5625D7-E98F-472A-8090-BB4ADB2CA6C3}
		{2CA589A0-26CA-4C94-AFD5-0229807EE954} = {ABD8D94E-C99C-403B-877E-D35B13AB0724}
		{B7F39D3E-5DDD-4DEA-8983-CF7801F4BCC4} = {62FF2BB2-3CF4-4FEC-B0C0-0BCD11E85A2B}
	EndGlobalSection
	GlobalSection(ExtensibilityGlobals) = postSolution
		SolutionGuid = {DBA8810E-8661-4680-8F3C-FE6971AA18BA}
	EndGlobalSection
EndGlobal
